// !$*UTF8*$!
{
	archiveVersion = 1;
	classes = {
	};
	objectVersion = 77;
	objects = {

/* Begin PBXContainerItemProxy section */
		86AC001A2EEFFF5A00FA37D1 /* PBXContainerItemProxy */ = {
			isa = PBXContainerItemProxy;
			containerPortal = 86AC00012EEFFF5900FA37D1 /* Project object */;
			proxyType = 1;
			remoteGlobalIDString = 86AC00082EEFFF5900FA37D1;
			remoteInfo = BananaJungle;
		};
		86AC00242EEFFF5A00FA37D1 /* PBXContainerItemProxy */ = {
			isa = PBXContainerItemProxy;
			containerPortal = 86AC00012EEFFF5900FA37D1 /* Project object */;
			proxyType = 1;
			remoteGlobalIDString = 86AC00082EEFFF5900FA37D1;
			remoteInfo = BananaJungle;
		};
/* End PBXContainerItemProxy section */

/* Begin PBXFileReference section */
		86AC00092EEFFF5900FA37D1 /* BananaJungle.app */ = {isa = PBXFileReference; explicitFileType = wrapper.application; includeInIndex = 0; path = BananaJungle.app; sourceTree = BUILT_PRODUCTS_DIR; };
		86AC00192EEFFF5A00FA37D1 /* BananaJungleTests.xctest */ = {isa = PBXFileReference; explicitFileType = wrapper.cfbundle; includeInIndex = 0; path = BananaJungleTests.xctest; sourceTree = BUILT_PRODUCTS_DIR; };
		86AC00232EEFFF5A00FA37D1 /* BananaJungleUITests.xctest */ = {isa = PBXFileReference; explicitFileType = wrapper.cfbundle; includeInIndex = 0; path = BananaJungleUITests.xctest; sourceTree = BUILT_PRODUCTS_DIR; };
/* End PBXFileReference section */

/* Begin PBXFileSystemSynchronizedBuildFileExceptionSet section */
		86AC00442EF0010100FA37D1 /* Exceptions for "BananaJungle" folder in "BananaJungle" target */ = {
			isa = PBXFileSystemSynchronizedBuildFileExceptionSet;
			membershipExceptions = (
				Info.plist,
			);
			target = 86AC00082EEFFF5900FA37D1 /* BananaJungle */;
		};
/* End PBXFileSystemSynchronizedBuildFileExceptionSet section */

/* Begin PBXFileSystemSynchronizedRootGroup section */
		86AC000B2EEFFF5900FA37D1 /* BananaJungle */ = {
			isa = PBXFileSystemSynchronizedRootGroup;
			exceptions = (
				86AC00442EF0010100FA37D1 /* Exceptions for "BananaJungle" folder in "BananaJungle" target */,
			);
			path = BananaJungle;
			sourceTree = "<group>";
		};
		86AC001C2EEFFF5A00FA37D1 /* BananaJungleTests */ = {
			isa = PBXFileSystemSynchronizedRootGroup;
			path = BananaJungleTests;
			sourceTree = "<group>";
		};
		86AC00262EEFFF5A00FA37D1 /* BananaJungleUITests */ = {
			isa = PBXFileSystemSynchronizedRootGroup;
			path = BananaJungleUITests;
			sourceTree = "<group>";
		};
/* End PBXFileSystemSynchronizedRootGroup section */

/* Begin PBXFrameworksBuildPhase section */
		86AC00062EEFFF5900FA37D1 /* Frameworks */ = {
			isa = PBXFrameworksBuildPhase;
			buildActionMask = 2147483647;
			files = (
			);
			runOnlyForDeploymentPostprocessing = 0;
		};
		86AC00162EEFFF5A00FA37D1 /* Frameworks */ = {
			isa = PBXFrameworksBuildPhase;
			buildActionMask = 2147483647;
			files = (
			);
			runOnlyForDeploymentPostprocessing = 0;
		};
		86AC00202EEFFF5A00FA37D1 /* Frameworks */ = {
			isa = PBXFrameworksBuildPhase;
			buildActionMask = 2147483647;
			files = (
			);
			runOnlyForDeploymentPostprocessing = 0;
		};
/* End PBXFrameworksBuildPhase section */

/* Begin PBXGroup section */
		86AC00002EEFFF5900FA37D1 = {
			isa = PBXGroup;
			children = (
				86AC000B2EEFFF5900FA37D1 /* BananaJungle */,
				86AC001C2EEFFF5A00FA37D1 /* BananaJungleTests */,
				86AC00262EEFFF5A00FA37D1 /* BananaJungleUITests */,
				86AC000A2EEFFF5900FA37D1 /* Products */,
			);
			sourceTree = "<group>";
		};
		86AC000A2EEFFF5900FA37D1 /* Products */ = {
			isa = PBXGroup;
			children = (
				86AC00092EEFFF5900FA37D1 /* BananaJungle.app */,
				86AC00192EEFFF5A00FA37D1 /* BananaJungleTests.xctest */,
				86AC00232EEFFF5A00FA37D1 /* BananaJungleUITests.xctest */,
			);
			name = Products;
			sourceTree = "<group>";
		};
/* End PBXGroup section */

/* Begin PBXNativeTarget section */
		86AC00082EEFFF5900FA37D1 /* BananaJungle */ = {
			isa = PBXNativeTarget;
			buildConfigurationList = 86AC002D2EEFFF5A00FA37D1 /* Build configuration list for PBXNativeTarget "BananaJungle" */;
			buildPhases = (
				86AC00052EEFFF5900FA37D1 /* Sources */,
				86AC00062EEFFF5900FA37D1 /* Frameworks */,
				86AC00072EEFFF5900FA37D1 /* Resources */,
			);
			buildRules = (
			);
			dependencies = (
			);
			fileSystemSynchronizedGroups = (
				86AC000B2EEFFF5900FA37D1 /* BananaJungle */,
			);
			name = BananaJungle;
			packageProductDependencies = (
			);
			productName = BananaJungle;
			productReference = 86AC00092EEFFF5900FA37D1 /* BananaJungle.app */;
			productType = "com.apple.product-type.application";
		};
		86AC00182EEFFF5A00FA37D1 /* BananaJungleTests */ = {
			isa = PBXNativeTarget;
			buildConfigurationList = 86AC00302EEFFF5A00FA37D1 /* Build configuration list for PBXNativeTarget "BananaJungleTests" */;
			buildPhases = (
				86AC00152EEFFF5A00FA37D1 /* Sources */,
				86AC00162EEFFF5A00FA37D1 /* Frameworks */,
				86AC00172EEFFF5A00FA37D1 /* Resources */,
			);
			buildRules = (
			);
			dependencies = (
				86AC001B2EEFFF5A00FA37D1 /* PBXTargetDependency */,
			);
			fileSystemSynchronizedGroups = (
				86AC001C2EEFFF5A00FA37D1 /* BananaJungleTests */,
			);
			name = BananaJungleTests;
			packageProductDependencies = (
			);
			productName = BananaJungleTests;
			productReference = 86AC00192EEFFF5A00FA37D1 /* BananaJungleTests.xctest */;
			productType = "com.apple.product-type.bundle.unit-test";
		};
		86AC00222EEFFF5A00FA37D1 /* BananaJungleUITests */ = {
			isa = PBXNativeTarget;
			buildConfigurationList = 86AC00332EEFFF5A00FA37D1 /* Build configuration list for PBXNativeTarget "BananaJungleUITests" */;
			buildPhases = (
				86AC001F2EEFFF5A00FA37D1 /* Sources */,
				86AC00202EEFFF5A00FA37D1 /* Frameworks */,
				86AC00212EEFFF5A00FA37D1 /* Resources */,
			);
			buildRules = (
			);
			dependencies = (
				86AC00252EEFFF5A00FA37D1 /* PBXTargetDependency */,
			);
			fileSystemSynchronizedGroups = (
				86AC00262EEFFF5A00FA37D1 /* BananaJungleUITests */,
			);
			name = BananaJungleUITests;
			packageProductDependencies = (
			);
			productName = BananaJungleUITests;
			productReference = 86AC00232EEFFF5A00FA37D1 /* BananaJungleUITests.xctest */;
			productType = "com.apple.product-type.bundle.ui-testing";
		};
/* End PBXNativeTarget section */

/* Begin PBXProject section */
		86AC00012EEFFF5900FA37D1 /* Project object */ = {
			isa = PBXProject;
			attributes = {
				BuildIndependentTargetsInParallel = 1;
				LastSwiftUpdateCheck = 1620;
				LastUpgradeCheck = 1620;
				TargetAttributes = {
					86AC00082EEFFF5900FA37D1 = {
						CreatedOnToolsVersion = 16.2;
					};
					86AC00182EEFFF5A00FA37D1 = {
						CreatedOnToolsVersion = 16.2;
						TestTargetID = 86AC00082EEFFF5900FA37D1;
					};
					86AC00222EEFFF5A00FA37D1 = {
						CreatedOnToolsVersion = 16.2;
						TestTargetID = 86AC00082EEFFF5900FA37D1;
					};
				};
			};
			buildConfigurationList = 86AC00042EEFFF5900FA37D1 /* Build configuration list for PBXProject "BananaJungle" */;
			developmentRegion = en;
			hasScannedForEncodings = 0;
			knownRegions = (
				en,
				Base,
			);
			mainGroup = 86AC00002EEFFF5900FA37D1;
			minimizedProjectReferenceProxies = 1;
			preferredProjectObjectVersion = 77;
			productRefGroup = 86AC000A2EEFFF5900FA37D1 /* Products */;
			projectDirPath = "";
			projectRoot = "";
			targets = (
				86AC00082EEFFF5900FA37D1 /* BananaJungle */,
				86AC00182EEFFF5A00FA37D1 /* BananaJungleTests */,
				86AC00222EEFFF5A00FA37D1 /* BananaJungleUITests */,
			);
		};
/* End PBXProject section */

/* Begin PBXResourcesBuildPhase section */
		86AC00072EEFFF5900FA37D1 /* Resources */ = {
			isa = PBXResourcesBuildPhase;
			buildActionMask = 2147483647;
			files = (
			);
			runOnlyForDeploymentPostprocessing = 0;
		};
		86AC00172EEFFF5A00FA37D1 /* Resources */ = {
			isa = PBXResourcesBuildPhase;
			buildActionMask = 2147483647;
			files = (
			);
			runOnlyForDeploymentPostprocessing = 0;
		};
		86AC00212EEFFF5A00FA37D1 /* Resources */ = {
			isa = PBXResourcesBuildPhase;
			buildActionMask = 2147483647;
			files = (
			);
			runOnlyForDeploymentPostprocessing = 0;
		};
/* End PBXResourcesBuildPhase section */

/* Begin PBXSourcesBuildPhase section */
		86AC00052EEFFF5900FA37D1 /* Sources */ = {
			isa = PBXSourcesBuildPhase;
			buildActionMask = 2147483647;
			files = (
			);
			runOnlyForDeploymentPostprocessing = 0;
		};
		86AC00152EEFFF5A00FA37D1 /* Sources */ = {
			isa = PBXSourcesBuildPhase;
			buildActionMask = 2147483647;
			files = (
			);
			runOnlyForDeploymentPostprocessing = 0;
		};
		86AC001F2EEFFF5A00FA37D1 /* Sources */ = {
			isa = PBXSourcesBuildPhase;
			buildActionMask = 2147483647;
			files = (
			);
			runOnlyForDeploymentPostprocessing = 0;
		};
/* End PBXSourcesBuildPhase section */

/* Begin PBXTargetDependency section */
		86AC001B2EEFFF5A00FA37D1 /* PBXTargetDependency */ = {
			isa = PBXTargetDependency;
			target = 86AC00082EEFFF5900FA37D1 /* BananaJungle */;
			targetProxy = 86AC001A2EEFFF5A00FA37D1 /* PBXContainerItemProxy */;
		};
		86AC00252EEFFF5A00FA37D1 /* PBXTargetDependency */ = {
			isa = PBXTargetDependency;
			target = 86AC00082EEFFF5900FA37D1 /* BananaJungle */;
			targetProxy = 86AC00242EEFFF5A00FA37D1 /* PBXContainerItemProxy */;
		};
/* End PBXTargetDependency section */

/* Begin XCBuildConfiguration section */
		86AC002B2EEFFF5A00FA37D1 /* Debug */ = {
			isa = XCBuildConfiguration;
			buildSettings = {
				ALWAYS_SEARCH_USER_PATHS = NO;
				ASSETCATALOG_COMPILER_GENERATE_SWIFT_ASSET_SYMBOL_EXTENSIONS = YES;
				CLANG_ANALYZER_NONNULL = YES;
				CLANG_ANALYZER_NUMBER_OBJECT_CONVERSION = YES_AGGRESSIVE;
				CLANG_CXX_LANGUAGE_STANDARD = "gnu++20";
				CLANG_ENABLE_MODULES = YES;
				CLANG_ENABLE_OBJC_ARC = YES;
				CLANG_ENABLE_OBJC_WEAK = YES;
				CLANG_WARN_BLOCK_CAPTURE_AUTORELEASING = YES;
				CLANG_WARN_BOOL_CONVERSION = YES;
				CLANG_WARN_COMMA = YES;
				CLANG_WARN_CONSTANT_CONVERSION = YES;
				CLANG_WARN_DEPRECATED_OBJC_IMPLEMENTATIONS = YES;
				CLANG_WARN_DIRECT_OBJC_ISA_USAGE = YES_ERROR;
				CLANG_WARN_DOCUMENTATION_COMMENTS = YES;
				CLANG_WARN_EMPTY_BODY = YES;
				CLANG_WARN_ENUM_CONVERSION = YES;
				CLANG_WARN_INFINITE_RECURSION = YES;
				CLANG_WARN_INT_CONVERSION = YES;
				CLANG_WARN_NON_LITERAL_NULL_CONVERSION = YES;
				CLANG_WARN_OBJC_IMPLICIT_RETAIN_SELF = YES;
				CLANG_WARN_OBJC_LITERAL_CONVERSION = YES;
				CLANG_WARN_OBJC_ROOT_CLASS = YES_ERROR;
				CLANG_WARN_QUOTED_INCLUDE_IN_FRAMEWORK_HEADER = YES;
				CLANG_WARN_RANGE_LOOP_ANALYSIS = YES;
				CLANG_WARN_STRICT_PROTOTYPES = YES;
				CLANG_WARN_SUSPICIOUS_MOVE = YES;
				CLANG_WARN_UNGUARDED_AVAILABILITY = YES_AGGRESSIVE;
				CLANG_WARN_UNREACHABLE_CODE = YES;
				CLANG_WARN__DUPLICATE_METHOD_MATCH = YES;
				COPY_PHASE_STRIP = NO;
				DEBUG_INFORMATION_FORMAT = dwarf;
				ENABLE_STRICT_OBJC_MSGSEND = YES;
				ENABLE_TESTABILITY = YES;
				ENABLE_USER_SCRIPT_SANDBOXING = YES;
				GCC_C_LANGUAGE_STANDARD = gnu17;
				GCC_DYNAMIC_NO_PIC = NO;
				GCC_NO_COMMON_BLOCKS = YES;
				GCC_OPTIMIZATION_LEVEL = 0;
				GCC_PREPROCESSOR_DEFINITIONS = (
					"DEBUG=1",
					"$(inherited)",
				);
				GCC_WARN_64_TO_32_BIT_CONVERSION = YES;
				GCC_WARN_ABOUT_RETURN_TYPE = YES_ERROR;
				GCC_WARN_UNDECLARED_SELECTOR = YES;
				GCC_WARN_UNINITIALIZED_AUTOS = YES_AGGRESSIVE;
				GCC_WARN_UNUSED_FUNCTION = YES;
				GCC_WARN_UNUSED_VARIABLE = YES;
				IPHONEOS_DEPLOYMENT_TARGET = 18.2;
				LOCALIZATION_PREFERS_STRING_CATALOGS = YES;
				MTL_ENABLE_DEBUG_INFO = INCLUDE_SOURCE;
				MTL_FAST_MATH = YES;
				ONLY_ACTIVE_ARCH = YES;
				SDKROOT = iphoneos;
				SWIFT_ACTIVE_COMPILATION_CONDITIONS = "DEBUG $(inherited)";
				SWIFT_OPTIMIZATION_LEVEL = "-Onone";
			};
			name = Debug;
		};
		86AC002C2EEFFF5A00FA37D1 /* Release */ = {
			isa = XCBuildConfiguration;
			buildSettings = {
				ALWAYS_SEARCH_USER_PATHS = NO;
				ASSETCATALOG_COMPILER_GENERATE_SWIFT_ASSET_SYMBOL_EXTENSIONS = YES;
				CLANG_ANALYZER_NONNULL = YES;
				CLANG_ANALYZER_NUMBER_OBJECT_CONVERSION = YES_AGGRESSIVE;
				CLANG_CXX_LANGUAGE_STANDARD = "gnu++20";
				CLANG_ENABLE_MODULES = YES;
				CLANG_ENABLE_OBJC_ARC = YES;
				CLANG_ENABLE_OBJC_WEAK = YES;
				CLANG_WARN_BLOCK_CAPTURE_AUTORELEASING = YES;
				CLANG_WARN_BOOL_CONVERSION = YES;
				CLANG_WARN_COMMA = YES;
				CLANG_WARN_CONSTANT_CONVERSION = YES;
				CLANG_WARN_DEPRECATED_OBJC_IMPLEMENTATIONS = YES;
				CLANG_WARN_DIRECT_OBJC_ISA_USAGE = YES_ERROR;
				CLANG_WARN_DOCUMENTATION_COMMENTS = YES;
				CLANG_WARN_EMPTY_BODY = YES;
				CLANG_WARN_ENUM_CONVERSION = YES;
				CLANG_WARN_INFINITE_RECURSION = YES;
				CLANG_WARN_INT_CONVERSION = YES;
				CLANG_WARN_NON_LITERAL_NULL_CONVERSION = YES;
				CLANG_WARN_OBJC_IMPLICIT_RETAIN_SELF = YES;
				CLANG_WARN_OBJC_LITERAL_CONVERSION = YES;
				CLANG_WARN_OBJC_ROOT_CLASS = YES_ERROR;
				CLANG_WARN_QUOTED_INCLUDE_IN_FRAMEWORK_HEADER = YES;
				CLANG_WARN_RANGE_LOOP_ANALYSIS = YES;
				CLANG_WARN_STRICT_PROTOTYPES = YES;
				CLANG_WARN_SUSPICIOUS_MOVE = YES;
				CLANG_WARN_UNGUARDED_AVAILABILITY = YES_AGGRESSIVE;
				CLANG_WARN_UNREACHABLE_CODE = YES;
				CLANG_WARN__DUPLICATE_METHOD_MATCH = YES;
				COPY_PHASE_STRIP = NO;
				DEBUG_INFORMATION_FORMAT = "dwarf-with-dsym";
				ENABLE_NS_ASSERTIONS = NO;
				ENABLE_STRICT_OBJC_MSGSEND = YES;
				ENABLE_USER_SCRIPT_SANDBOXING = YES;
				GCC_C_LANGUAGE_STANDARD = gnu17;
				GCC_NO_COMMON_BLOCKS = YES;
				GCC_WARN_64_TO_32_BIT_CONVERSION = YES;
				GCC_WARN_ABOUT_RETURN_TYPE = YES_ERROR;
				GCC_WARN_UNDECLARED_SELECTOR = YES;
				GCC_WARN_UNINITIALIZED_AUTOS = YES_AGGRESSIVE;
				GCC_WARN_UNUSED_FUNCTION = YES;
				GCC_WARN_UNUSED_VARIABLE = YES;
				IPHONEOS_DEPLOYMENT_TARGET = 18.2;
				LOCALIZATION_PREFERS_STRING_CATALOGS = YES;
				MTL_ENABLE_DEBUG_INFO = NO;
				MTL_FAST_MATH = YES;
				SDKROOT = iphoneos;
				SWIFT_COMPILATION_MODE = wholemodule;
				VALIDATE_PRODUCT = YES;
			};
			name = Release;
		};
		86AC002E2EEFFF5A00FA37D1 /* Debug */ = {
			isa = XCBuildConfiguration;
			buildSettings = {
				ASSETCATALOG_COMPILER_APPICON_NAME = AppIcon;
				ASSETCATALOG_COMPILER_GLOBAL_ACCENT_COLOR_NAME = AccentColor;
				CODE_SIGN_STYLE = Automatic;
				CURRENT_PROJECT_VERSION = 1;
				DEVELOPMENT_ASSET_PATHS = "\"BananaJungle/Preview Content\"";
				ENABLE_PREVIEWS = YES;
				GENERATE_INFOPLIST_FILE = YES;
				INFOPLIST_FILE = BananaJungle/Info.plist;
				INFOPLIST_KEY_UIApplicationSceneManifest_Generation = YES;
				INFOPLIST_KEY_UIApplicationSupportsIndirectInputEvents = YES;
				INFOPLIST_KEY_UILaunchScreen_Generation = YES;
				INFOPLIST_KEY_UISupportedInterfaceOrientations_iPad = "UIInterfaceOrientationPortrait UIInterfaceOrientationPortraitUpsideDown UIInterfaceOrientationLandscapeLeft UIInterfaceOrientationLandscapeRight";
				INFOPLIST_KEY_UISupportedInterfaceOrientations_iPhone = "UIInterfaceOrientationPortrait UIInterfaceOrientationLandscapeLeft UIInterfaceOrientationLandscapeRight";
				IPHONEOS_DEPLOYMENT_TARGET = 16.0;
				LD_RUNPATH_SEARCH_PATHS = (
					"$(inherited)",
					"@executable_path/Frameworks",
				);
				MARKETING_VERSION = 1.0;
				PRODUCT_BUNDLE_IDENTIFIER = com.app.BananaJungle;
				PRODUCT_NAME = "$(TARGET_NAME)";
				SUPPORTED_PLATFORMS = "iphoneos iphonesimulator";
				SUPPORTS_MACCATALYST = NO;
				SUPPORTS_MAC_DESIGNED_FOR_IPHONE_IPAD = NO;
				SUPPORTS_XR_DESIGNED_FOR_IPHONE_IPAD = NO;
				SWIFT_EMIT_LOC_STRINGS = YES;
				SWIFT_VERSION = 5.0;
				TARGETED_DEVICE_FAMILY = "1,2";
			};
			name = Debug;
		};
		86AC002F2EEFFF5A00FA37D1 /* Release */ = {
			isa = XCBuildConfiguration;
			buildSettings = {
				ASSETCATALOG_COMPILER_APPICON_NAME = AppIcon;
				ASSETCATALOG_COMPILER_GLOBAL_ACCENT_COLOR_NAME = AccentColor;
				CODE_SIGN_STYLE = Automatic;
				CURRENT_PROJECT_VERSION = 1;
				DEVELOPMENT_ASSET_PATHS = "\"BananaJungle/Preview Content\"";
				ENABLE_PREVIEWS = YES;
				GENERATE_INFOPLIST_FILE = YES;
				INFOPLIST_FILE = BananaJungle/Info.plist;
				INFOPLIST_KEY_UIApplicationSceneManifest_Generation = YES;
				INFOPLIST_KEY_UIApplicationSupportsIndirectInputEvents = YES;
				INFOPLIST_KEY_UILaunchScreen_Generation = YES;
				INFOPLIST_KEY_UISupportedInterfaceOrientations_iPad = "UIInterfaceOrientationPortrait UIInterfaceOrientationPortraitUpsideDown UIInterfaceOrientationLandscapeLeft UIInterfaceOrientationLandscapeRight";
				INFOPLIST_KEY_UISupportedInterfaceOrientations_iPhone = "UIInterfaceOrientationPortrait UIInterfaceOrientationLandscapeLeft UIInterfaceOrientationLandscapeRight";
				IPHONEOS_DEPLOYMENT_TARGET = 16.0;
				LD_RUNPATH_SEARCH_PATHS = (
					"$(inherited)",
					"@executable_path/Frameworks",
				);
				MARKETING_VERSION = 1.0;
				PRODUCT_BUNDLE_IDENTIFIER = com.app.BananaJungle;
				PRODUCT_NAME = "$(TARGET_NAME)";
				SUPPORTED_PLATFORMS = "iphoneos iphonesimulator";
				SUPPORTS_MACCATALYST = NO;
				SUPPORTS_MAC_DESIGNED_FOR_IPHONE_IPAD = NO;
				SUPPORTS_XR_DESIGNED_FOR_IPHONE_IPAD = NO;
				SWIFT_EMIT_LOC_STRINGS = YES;
				SWIFT_VERSION = 5.0;
				TARGETED_DEVICE_FAMILY = "1,2";
			};
			name = Release;
		};
		86AC00312EEFFF5A00FA37D1 /* Debug */ = {
			isa = XCBuildConfiguration;
			buildSettings = {
				BUNDLE_LOADER = "$(TEST_HOST)";
				CODE_SIGN_STYLE = Automatic;
				CURRENT_PROJECT_VERSION = 1;
				GENERATE_INFOPLIST_FILE = YES;
				IPHONEOS_DEPLOYMENT_TARGET = 18.2;
				MARKETING_VERSION = 1.0;
				PRODUCT_BUNDLE_IDENTIFIER = com.app.BananaJungleTests;
				PRODUCT_NAME = "$(TARGET_NAME)";
				SWIFT_EMIT_LOC_STRINGS = NO;
				SWIFT_VERSION = 5.0;
				TARGETED_DEVICE_FAMILY = "1,2";
				TEST_HOST = "$(BUILT_PRODUCTS_DIR)/BananaJungle.app/$(BUNDLE_EXECUTABLE_FOLDER_PATH)/BananaJungle";
			};
			name = Debug;
		};
		86AC00322EEFFF5A00FA37D1 /* Release */ = {
			isa = XCBuildConfiguration;
			buildSettings = {
				BUNDLE_LOADER = "$(TEST_HOST)";
				CODE_SIGN_STYLE = Automatic;
				CURRENT_PROJECT_VERSION = 1;
				GENERATE_INFOPLIST_FILE = YES;
				IPHONEOS_DEPLOYMENT_TARGET = 18.2;
				MARKETING_VERSION = 1.0;
				PRODUCT_BUNDLE_IDENTIFIER = com.app.BananaJungleTests;
				PRODUCT_NAME = "$(TARGET_NAME)";
				SWIFT_EMIT_LOC_STRINGS = NO;
				SWIFT_VERSION = 5.0;
				TARGETED_DEVICE_FAMILY = "1,2";
				TEST_HOST = "$(BUILT_PRODUCTS_DIR)/BananaJungle.app/$(BUNDLE_EXECUTABLE_FOLDER_PATH)/BananaJungle";
			};
			name = Release;
		};
		86AC00342EEFFF5A00FA37D1 /* Debug */ = {
			isa = XCBuildConfiguration;
			buildSettings = {
				CODE_SIGN_STYLE = Automatic;
				CURRENT_PROJECT_VERSION = 1;
				GENERATE_INFOPLIST_FILE = YES;
				MARKETING_VERSION = 1.0;
				PRODUCT_BUNDLE_IDENTIFIER = com.app.BananaJungleUITests;
				PRODUCT_NAME = "$(TARGET_NAME)";
				SWIFT_EMIT_LOC_STRINGS = NO;
				SWIFT_VERSION = 5.0;
				TARGETED_DEVICE_FAMILY = "1,2";
				TEST_TARGET_NAME = BananaJungle;
			};
			name = Debug;
		};
		86AC00352EEFFF5A00FA37D1 /* Release */ = {
			isa = XCBuildConfiguration;
			buildSettings = {
				CODE_SIGN_STYLE = Automatic;
				CURRENT_PROJECT_VERSION = 1;
				GENERATE_INFOPLIST_FILE = YES;
				MARKETING_VERSION = 1.0;
				PRODUCT_BUNDLE_IDENTIFIER = com.app.BananaJungleUITests;
				PRODUCT_NAME = "$(TARGET_NAME)";
				SWIFT_EMIT_LOC_STRINGS = NO;
				SWIFT_VERSION = 5.0;
				TARGETED_DEVICE_FAMILY = "1,2";
				TEST_TARGET_NAME = BananaJungle;
			};
			name = Release;
		};
/* End XCBuildConfiguration section */

/* Begin XCConfigurationList section */
		86AC00042EEFFF5900FA37D1 /* Build configuration list for PBXProject "BananaJungle" */ = {
			isa = XCConfigurationList;
			buildConfigurations = (
				86AC002B2EEFFF5A00FA37D1 /* Debug */,
				86AC002C2EEFFF5A00FA37D1 /* Release */,
			);
			defaultConfigurationIsVisible = 0;
			defaultConfigurationName = Release;
		};
		86AC002D2EEFFF5A00FA37D1 /* Build configuration list for PBXNativeTarget "BananaJungle" */ = {
			isa = XCConfigurationList;
			buildConfigurations = (
				86AC002E2EEFFF5A00FA37D1 /* Debug */,
				86AC002F2EEFFF5A00FA37D1 /* Release */,
			);
			defaultConfigurationIsVisible = 0;
			defaultConfigurationName = Release;
		};
		86AC00302EEFFF5A00FA37D1 /* Build configuration list for PBXNativeTarget "BananaJungleTests" */ = {
			isa = XCConfigurationList;
			buildConfigurations = (
				86AC00312EEFFF5A00FA37D1 /* Debug */,
				86AC00322EEFFF5A00FA37D1 /* Release */,
			);
			defaultConfigurationIsVisible = 0;
			defaultConfigurationName = Release;
		};
		86AC00332EEFFF5A00FA37D1 /* Build configuration list for PBXNativeTarget "BananaJungleUITests" */ = {
			isa = XCConfigurationList;
			buildConfigurations = (
				86AC00342EEFFF5A00FA37D1 /* Debug */,
				86AC00352EEFFF5A00FA37D1 /* Release */,
			);
			defaultConfigurationIsVisible = 0;
			defaultConfigurationName = Release;
		};
/* End XCConfigurationList section */
	};
	rootObject = 86AC00012EEFFF5900FA37D1 /* Project object */;
}
